<?xml version="1.0" encoding="utf-8"?>
<Project ToolsVersion="4.0" xmlns="http://schemas.microsoft.com/developer/msbuild/2003">
  <ItemGroup>
    <Filter Include="Source Files">
      <UniqueIdentifier>{4FC737F1-C7A5-4376-A066-2A32D752A2FF}</UniqueIdentifier>
      <Extensions>cpp;c;cc;cxx;c++;cppm;ixx;def;odl;idl;hpj;bat;asm;asmx</Extensions>
    </Filter>
    <Filter Include="Header Files">
      <UniqueIdentifier>{93995380-89BD-4b04-88EB-625FBE52EBFB}</UniqueIdentifier>
      <Extensions>h;hh;hpp;hxx;h++;hm;inl;inc;ipp;xsd</Extensions>
    </Filter>
    <Filter Include="Globals">
      <UniqueIdentifier>{610ab849-5cfb-42c0-843a-131d16e809f0}</UniqueIdentifier>
    </Filter>
    <Filter Include="Hooks">
      <UniqueIdentifier>{1913fdf3-a5da-48a5-88bb-dfc75d9d466a}</UniqueIdentifier>
    </Filter>
    <Filter Include="Vector">
      <UniqueIdentifier>{c6f9000e-ac24-4454-8e42-f769c41d7684}</UniqueIdentifier>
    </Filter>
    <Filter Include="Syscalls">
      <UniqueIdentifier>{76f0b9c6-3501-4200-b12d-d88e3e03ee19}</UniqueIdentifier>
    </Filter>
    <Filter Include="Resource Files">
      <UniqueIdentifier>{67DA6AB6-F800-4c08-8B7A-83BB121AAD01}</UniqueIdentifier>
      <Extensions>rc;ico;cur;bmp;dlg;rc2;rct;bin;rgs;gif;jpg;jpeg;jpe;resx;tiff;tif;png;wav;mfcribbon-ms</Extensions>
    </Filter>
    <Filter Include="Game">
      <UniqueIdentifier>{bf90e252-ce19-4f35-8aae-42336c85b166}</UniqueIdentifier>
    </Filter>
    <Filter Include="Game\Classes">
      <UniqueIdentifier>{551ab78c-5865-44cf-a7c5-e036d27f3bfa}</UniqueIdentifier>
    </Filter>
    <Filter Include="Libs">
      <UniqueIdentifier>{c86eab80-8692-4059-94cf-583d58811002}</UniqueIdentifier>
    </Filter>
    <Filter Include="Libs\imgui">
      <UniqueIdentifier>{1057cb74-e8bf-41c7-8295-72bd8ee46522}</UniqueIdentifier>
    </Filter>
    <Filter Include="Libs\imgui\Fonts">
      <UniqueIdentifier>{be79542a-9989-4bf8-aed6-c6316a68585a}</UniqueIdentifier>
    </Filter>
    <Filter Include="Libs\Geometry">
      <UniqueIdentifier>{3261d105-cbfb-47c7-aa7d-a28f877a1289}</UniqueIdentifier>
    </Filter>
    <Filter Include="Render">
      <UniqueIdentifier>{a6f25365-9d6a-4844-ac87-60179507de8d}</UniqueIdentifier>
    </Filter>
    <Filter Include="Render\Images">
      <UniqueIdentifier>{2a253eb3-e397-4fd1-b7ad-be35375b9e99}</UniqueIdentifier>
    </Filter>
  </ItemGroup>
  <ItemGroup>
    <ClInclude Include="imgui\imconfig.h">
      <Filter>Libs\imgui</Filter>
    </ClInclude>
    <ClInclude Include="imgui\imgui.h">
      <Filter>Libs\imgui</Filter>
    </ClInclude>
    <ClInclude Include="imgui\imgui_impl_dx11.h">
      <Filter>Libs\imgui</Filter>
    </ClInclude>
    <ClInclude Include="imgui\imgui_impl_win32.h">
      <Filter>Libs\imgui</Filter>
    </ClInclude>
    <ClInclude Include="imgui\imgui_internal.h">
      <Filter>Libs\imgui</Filter>
    </ClInclude>
    <ClInclude Include="imgui\imstb_rectpack.h">
      <Filter>Libs\imgui</Filter>
    </ClInclude>
    <ClInclude Include="imgui\imstb_textedit.h">
      <Filter>Libs\imgui</Filter>
    </ClInclude>
    <ClInclude Include="imgui\imstb_truetype.h">
      <Filter>Libs\imgui</Filter>
    </ClInclude>
    <ClInclude Include="Includes.h">
      <Filter>Header Files</Filter>
    </ClInclude>
    <ClInclude Include="Globals.h">
      <Filter>Globals</Filter>
    </ClInclude>
    <ClInclude Include="Hooks.h">
      <Filter>Hooks</Filter>
    </ClInclude>
    <ClInclude Include="XorString.h">
      <Filter>Libs</Filter>
    </ClInclude>
    <ClInclude Include="MinHook.h">
      <Filter>Libs</Filter>
    </ClInclude>
    <ClInclude Include="lazy_importer.h">
      <Filter>Libs</Filter>
    </ClInclude>
    <ClInclude Include="json.h">
      <Filter>Libs</Filter>
    </ClInclude>
    <ClInclude Include="pch.h">
      <Filter>Header Files</Filter>
    </ClInclude>
    <ClInclude Include="Vector2.h">
      <Filter>Vector</Filter>
    </ClInclude>
    <ClInclude Include="Vector3.h">
      <Filter>Vector</Filter>
    </ClInclude>
    <ClInclude Include="Definitions.h">
      <Filter>Header Files</Filter>
    </ClInclude>
    <ClInclude Include="Render.h">
      <Filter>Render</Filter>
    </ClInclude>
    <ClInclude Include="FuncHook.h">
      <Filter>Hooks</Filter>
    </ClInclude>
    <ClInclude Include="Syscall.h">
      <Filter>Syscalls</Filter>
    </ClInclude>
    <ClInclude Include="Ntfuncs.h">
      <Filter>Syscalls</Filter>
    </ClInclude>
    <ClInclude Include="Ntdefs.h">
      <Filter>Syscalls</Filter>
    </ClInclude>
    <ClInclude Include="Image.h">
      <Filter>Render</Filter>
    </ClInclude>
    <ClInclude Include="Images\Images.h">
      <Filter>Render\Images</Filter>
    </ClInclude>
    <ClInclude Include="stb_image.h">
      <Filter>Libs</Filter>
    </ClInclude>
    <ClInclude Include="Fonts\CascadiaMono.h">
      <Filter>Libs\imgui\Fonts</Filter>
    </ClInclude>
    <ClInclude Include="Fonts\Tahoma.h">
      <Filter>Libs\imgui\Fonts</Filter>
    </ClInclude>
    <ClInclude Include="VMTHook.h">
      <Filter>Hooks</Filter>
    </ClInclude>
    <ClInclude Include="SpellCastInfo.h">
      <Filter>Game\Classes</Filter>
    </ClInclude>
    <ClInclude Include="SpellInfo.h">
      <Filter>Game\Classes</Filter>
    </ClInclude>
    <ClInclude Include="SpellData.h">
      <Filter>Game\Classes</Filter>
    </ClInclude>
    <ClInclude Include="ObjectManager.h">
      <Filter>Game</Filter>
    </ClInclude>
    <ClInclude Include="Offsets.h">
      <Filter>Game</Filter>
    </ClInclude>
    <ClInclude Include="Vector4.h">
      <Filter>Vector</Filter>
    </ClInclude>
    <ClInclude Include="Matrix4x4.h">
      <Filter>Vector</Filter>
    </ClInclude>
    <ClInclude Include="Menu.h">
      <Filter>Render</Filter>
    </ClInclude>
    <ClInclude Include="GameObject.h">
      <Filter>Game\Classes</Filter>
    </ClInclude>
    <ClInclude Include="VFuncHook.h">
      <Filter>Hooks</Filter>
    </ClInclude>
    <ClInclude Include="clipper.h">
      <Filter>Libs\Geometry</Filter>
    </ClInclude>
    <ClInclude Include="Geometry.h">
      <Filter>Libs\Geometry</Filter>
    </ClInclude>
    <ClInclude Include="AiManager.h">
      <Filter>Game\Classes</Filter>
    </ClInclude>
    <ClInclude Include="LeagueFuncs.h">
      <Filter>Game</Filter>
    </ClInclude>
    <ClInclude Include="LeagueClasses.h">
      <Filter>Game</Filter>
    </ClInclude>
    <ClInclude Include="BuffManager.h">
      <Filter>Game\Classes</Filter>
    </ClInclude>
    <ClInclude Include="Console.h">
      <Filter>Header Files</Filter>
    </ClInclude>
    <ClInclude Include="OnProcessSpellCast.h">
      <Filter>Hooks</Filter>
    </ClInclude>
    <ClInclude Include="stb_decompress.h">
      <Filter>Libs</Filter>
    </ClInclude>
    <ClInclude Include="LowLevelHooks.h">
      <Filter>Hooks</Filter>
    </ClInclude>
    <ClInclude Include="SelfProtection.h">
      <Filter>Header Files</Filter>
    </ClInclude>
    <ClInclude Include="AntiInputHooks.h">
      <Filter>Hooks</Filter>
    </ClInclude>
    <ClInclude Include="IssueOrder.h">
      <Filter>Game</Filter>
    </ClInclude>
    <ClInclude Include="HashFunctions.h">
      <Filter>Game</Filter>
    </ClInclude>
    <ClInclude Include="CastSpell.h">
      <Filter>Game</Filter>
    </ClInclude>
    <ClInclude Include="x86RetSpoof.h">
      <Filter>Libs</Filter>
    </ClInclude>
    <ClInclude Include="Keyboard.h">
      <Filter>Header Files</Filter>
    </ClInclude>
    <ClInclude Include="Mouse.h">
      <Filter>Header Files</Filter>
    </ClInclude>
    <ClInclude Include="Prediction.h">
      <Filter>Game</Filter>
    </ClInclude>
    <ClInclude Include="skCrypter.h">
      <Filter>Libs</Filter>
    </ClInclude>
    <ClInclude Include="MissionInfo.h">
      <Filter>Game\Classes</Filter>
    </ClInclude>
    <ClInclude Include="crt.h">
      <Filter>Libs</Filter>
    </ClInclude>
    <ClInclude Include="BaseClass.h">
      <Filter>Game\Classes</Filter>
    </ClInclude>
    <ClInclude Include="Input.h">
      <Filter>Header Files</Filter>
    </ClInclude>
  </ItemGroup>
  <ItemGroup>
    <ClCompile Include="dllmain.cpp">
      <Filter>Source Files</Filter>
    </ClCompile>
    <ClCompile Include="imgui\imgui.cpp">
      <Filter>Libs\imgui</Filter>
    </ClCompile>
    <ClCompile Include="imgui\imgui_demo.cpp">
      <Filter>Libs\imgui</Filter>
    </ClCompile>
    <ClCompile Include="imgui\imgui_draw.cpp">
      <Filter>Libs\imgui</Filter>
    </ClCompile>
    <ClCompile Include="imgui\imgui_impl_dx11.cpp">
      <Filter>Libs\imgui</Filter>
    </ClCompile>
    <ClCompile Include="imgui\imgui_impl_win32.cpp">
      <Filter>Libs\imgui</Filter>
    </ClCompile>
    <ClCompile Include="imgui\imgui_widgets.cpp">
      <Filter>Libs\imgui</Filter>
    </ClCompile>
    <ClCompile Include="imgui\imgui_tables.cpp">
      <Filter>Libs\imgui</Filter>
    </ClCompile>
    <ClCompile Include="Globals.cpp">
      <Filter>Globals</Filter>
    </ClCompile>
    <ClCompile Include="Hooks.cpp">
      <Filter>Hooks</Filter>
    </ClCompile>
    <ClCompile Include="Vector2.cpp">
      <Filter>Vector</Filter>
    </ClCompile>
    <ClCompile Include="Vector3.cpp">
      <Filter>Vector</Filter>
    </ClCompile>
    <ClCompile Include="Render.cpp">
      <Filter>Render</Filter>
    </ClCompile>
    <ClCompile Include="FuncHook.cpp">
      <Filter>Hooks</Filter>
    </ClCompile>
    <ClCompile Include="Ntfuncs.cpp">
      <Filter>Syscalls</Filter>
    </ClCompile>
    <ClCompile Include="Ntdefs.cpp">
      <Filter>Syscalls</Filter>
    </ClCompile>
    <ClCompile Include="VMTHook.cpp">
      <Filter>Hooks</Filter>
    </ClCompile>
    <ClCompile Include="Menu.cpp">
      <Filter>Render</Filter>
    </ClCompile>
    <ClCompile Include="VFuncHook.cpp">
      <Filter>Hooks</Filter>
    </ClCompile>
    <ClCompile Include="clipper.cpp">
      <Filter>Libs\Geometry</Filter>
    </ClCompile>
    <ClCompile Include="crt.cpp">
      <Filter>Libs</Filter>
    </ClCompile>
    <ClCompile Include="pch.cpp">
      <Filter>Source Files</Filter>
    </ClCompile>
  </ItemGroup>
</Project>